
Microsoft Visual Studio Solution File, Format Version 12.00
# Visual Studio Version 16
VisualStudioVersion = 16.0.30804.86
MinimumVisualStudioVersion = 10.0.40219.1
Project("{FAE04EC0-301F-11D3-BF4B-00C04F79EFBC}") = "usingResponseCaching", "usingResponseCaching\usingResponseCaching.csproj", "{1F261079-FDCA-4DE9-9288-3136601BB4D3}"
EndProject
Global
	GlobalSection(SolutionConfigurationPlatforms) = preSolution
		Debug|Any CPU = Debug|Any CPU
		Release|Any CPU = Release|Any CPU
	EndGlobalSection
	GlobalSection(ProjectConfigurationPlatforms) = postSolution
		{1F261079-FDCA-4DE9-9288-3136601BB4D3}.Debug|Any CPU.ActiveCfg = Debug|Any CPU
		{1F261079-FDCA-4DE9-9288-3136601BB4D3}.Debug|Any CPU.Build.0 = Debug|Any CPU
		{1F261079-FDCA-4DE9-9288-3136601BB4D3}.Release|Any CPU.ActiveCfg = Release|Any CPU
		{1F261079-FDCA-4DE9-9288-3136601BB4D3}.Release|Any CPU.Build.0 = Release|Any CPU
	EndGlobalSection
	GlobalSection(SolutionProperties) = preSolution
		HideSolutionNode = FALSE
	EndGlobalSection
	GlobalSection(ExtensibilityGlobals) = postSolution
		SolutionGuid = {62878262-D313-4568-85C4-2B7A29D377F5}
	EndGlobalSection
EndGlobal
