
Microsoft Visual Studio Solution File, Format Version 12.00
# Visual Studio Version 16
VisualStudioVersion = 16.0.30804.86
MinimumVisualStudioVersion = 10.0.40219.1
Project("{FAE04EC0-301F-11D3-BF4B-00C04F79EFBC}") = "DbFirstSample", "DbFirstSample\DbFirstSample.csproj", "{86CCA8D5-7069-476B-A9E3-B3E7675B376F}"
EndProject
Global
	GlobalSection(SolutionConfigurationPlatforms) = preSolution
		Debug|Any CPU = Debug|Any CPU
		Release|Any CPU = Release|Any CPU
	EndGlobalSection
	GlobalSection(ProjectConfigurationPlatforms) = postSolution
		{86CCA8D5-7069-476B-A9E3-B3E7675B376F}.Debug|Any CPU.ActiveCfg = Debug|Any CPU
		{86CCA8D5-7069-476B-A9E3-B3E7675B376F}.Debug|Any CPU.Build.0 = Debug|Any CPU
		{86CCA8D5-7069-476B-A9E3-B3E7675B376F}.Release|Any CPU.ActiveCfg = Release|Any CPU
		{86CCA8D5-7069-476B-A9E3-B3E7675B376F}.Release|Any CPU.Build.0 = Release|Any CPU
	EndGlobalSection
	GlobalSection(SolutionProperties) = preSolution
		HideSolutionNode = FALSE
	EndGlobalSection
	GlobalSection(ExtensibilityGlobals) = postSolution
		SolutionGuid = {4E810A50-C8FF-4925-8E1A-BB47DA6D45CE}
	EndGlobalSection
EndGlobal
