
Microsoft Visual Studio Solution File, Format Version 12.00
# Visual Studio Version 16
VisualStudioVersion = 16.0.30804.86
MinimumVisualStudioVersion = 10.0.40219.1
Project("{FAE04EC0-301F-11D3-BF4B-00C04F79EFBC}") = "SingleResponsibilityPrinciple", "SingleResponsibilityPrinciple\SingleResponsibilityPrinciple.csproj", "{F64E46DF-AA45-49D7-9443-93B4CA00EB2E}"
EndProject
Project("{FAE04EC0-301F-11D3-BF4B-00C04F79EFBC}") = "OpenClosedPrinciple", "OpenClosedPrinciple\OpenClosedPrinciple.csproj", "{96323652-DCF4-4A4B-B510-0E47A62CFFAB}"
EndProject
Project("{FAE04EC0-301F-11D3-BF4B-00C04F79EFBC}") = "LiskovSubstution", "LiskovSubstution\LiskovSubstution.csproj", "{6CB07E97-6825-4A81-8E00-C56493E5FF0A}"
EndProject
Project("{FAE04EC0-301F-11D3-BF4B-00C04F79EFBC}") = "InterfaceSegregation", "InterfaceSegregation\InterfaceSegregation.csproj", "{058218E0-9C86-4D9B-B500-5ECD9925FD80}"
EndProject
Project("{FAE04EC0-301F-11D3-BF4B-00C04F79EFBC}") = "DependencyINVERSION", "DependencyINVERSION\DependencyINVERSION.csproj", "{C3E244E6-69A1-4FF0-BE91-39D527DD06E0}"
EndProject
Global
	GlobalSection(SolutionConfigurationPlatforms) = preSolution
		Debug|Any CPU = Debug|Any CPU
		Release|Any CPU = Release|Any CPU
	EndGlobalSection
	GlobalSection(ProjectConfigurationPlatforms) = postSolution
		{F64E46DF-AA45-49D7-9443-93B4CA00EB2E}.Debug|Any CPU.ActiveCfg = Debug|Any CPU
		{F64E46DF-AA45-49D7-9443-93B4CA00EB2E}.Debug|Any CPU.Build.0 = Debug|Any CPU
		{F64E46DF-AA45-49D7-9443-93B4CA00EB2E}.Release|Any CPU.ActiveCfg = Release|Any CPU
		{F64E46DF-AA45-49D7-9443-93B4CA00EB2E}.Release|Any CPU.Build.0 = Release|Any CPU
		{96323652-DCF4-4A4B-B510-0E47A62CFFAB}.Debug|Any CPU.ActiveCfg = Debug|Any CPU
		{96323652-DCF4-4A4B-B510-0E47A62CFFAB}.Debug|Any CPU.Build.0 = Debug|Any CPU
		{96323652-DCF4-4A4B-B510-0E47A62CFFAB}.Release|Any CPU.ActiveCfg = Release|Any CPU
		{96323652-DCF4-4A4B-B510-0E47A62CFFAB}.Release|Any CPU.Build.0 = Release|Any CPU
		{6CB07E97-6825-4A81-8E00-C56493E5FF0A}.Debug|Any CPU.ActiveCfg = Debug|Any CPU
		{6CB07E97-6825-4A81-8E00-C56493E5FF0A}.Debug|Any CPU.Build.0 = Debug|Any CPU
		{6CB07E97-6825-4A81-8E00-C56493E5FF0A}.Release|Any CPU.ActiveCfg = Release|Any CPU
		{6CB07E97-6825-4A81-8E00-C56493E5FF0A}.Release|Any CPU.Build.0 = Release|Any CPU
		{058218E0-9C86-4D9B-B500-5ECD9925FD80}.Debug|Any CPU.ActiveCfg = Debug|Any CPU
		{058218E0-9C86-4D9B-B500-5ECD9925FD80}.Debug|Any CPU.Build.0 = Debug|Any CPU
		{058218E0-9C86-4D9B-B500-5ECD9925FD80}.Release|Any CPU.ActiveCfg = Release|Any CPU
		{058218E0-9C86-4D9B-B500-5ECD9925FD80}.Release|Any CPU.Build.0 = Release|Any CPU
		{C3E244E6-69A1-4FF0-BE91-39D527DD06E0}.Debug|Any CPU.ActiveCfg = Debug|Any CPU
		{C3E244E6-69A1-4FF0-BE91-39D527DD06E0}.Debug|Any CPU.Build.0 = Debug|Any CPU
		{C3E244E6-69A1-4FF0-BE91-39D527DD06E0}.Release|Any CPU.ActiveCfg = Release|Any CPU
		{C3E244E6-69A1-4FF0-BE91-39D527DD06E0}.Release|Any CPU.Build.0 = Release|Any CPU
	EndGlobalSection
	GlobalSection(SolutionProperties) = preSolution
		HideSolutionNode = FALSE
	EndGlobalSection
	GlobalSection(ExtensibilityGlobals) = postSolution
		SolutionGuid = {89E6BC5D-CC7A-41FD-9F4E-C60C40C23C0E}
	EndGlobalSection
EndGlobal
