
Microsoft Visual Studio Solution File, Format Version 12.00
# Visual Studio Version 16
VisualStudioVersion = 16.0.30804.86
MinimumVisualStudioVersion = 10.0.40219.1
Project("{FAE04EC0-301F-11D3-BF4B-00C04F79EFBC}") = "ExtensionMethods", "ExtensionMethods\ExtensionMethods.csproj", "{B0A7D8BF-91AA-4040-9131-8E37AEBF1295}"
EndProject
Global
	GlobalSection(SolutionConfigurationPlatforms) = preSolution
		Debug|Any CPU = Debug|Any CPU
		Release|Any CPU = Release|Any CPU
	EndGlobalSection
	GlobalSection(ProjectConfigurationPlatforms) = postSolution
		{B0A7D8BF-91AA-4040-9131-8E37AEBF1295}.Debug|Any CPU.ActiveCfg = Debug|Any CPU
		{B0A7D8BF-91AA-4040-9131-8E37AEBF1295}.Debug|Any CPU.Build.0 = Debug|Any CPU
		{B0A7D8BF-91AA-4040-9131-8E37AEBF1295}.Release|Any CPU.ActiveCfg = Release|Any CPU
		{B0A7D8BF-91AA-4040-9131-8E37AEBF1295}.Release|Any CPU.Build.0 = Release|Any CPU
	EndGlobalSection
	GlobalSection(SolutionProperties) = preSolution
		HideSolutionNode = FALSE
	EndGlobalSection
	GlobalSection(ExtensibilityGlobals) = postSolution
		SolutionGuid = {423C9612-27E4-4B4B-B47C-69DA06F4642F}
	EndGlobalSection
EndGlobal
