
Microsoft Visual Studio Solution File, Format Version 12.00
# Visual Studio Version 16
VisualStudioVersion = 16.0.30804.86
MinimumVisualStudioVersion = 10.0.40219.1
Project("{FAE04EC0-301F-11D3-BF4B-00C04F79EFBC}") = "AboutMiddleware", "AboutMiddleware\AboutMiddleware.csproj", "{854C50F9-54AA-43DF-9D08-E3D744333742}"
EndProject
Global
	GlobalSection(SolutionConfigurationPlatforms) = preSolution
		Debug|Any CPU = Debug|Any CPU
		Release|Any CPU = Release|Any CPU
	EndGlobalSection
	GlobalSection(ProjectConfigurationPlatforms) = postSolution
		{854C50F9-54AA-43DF-9D08-E3D744333742}.Debug|Any CPU.ActiveCfg = Debug|Any CPU
		{854C50F9-54AA-43DF-9D08-E3D744333742}.Debug|Any CPU.Build.0 = Debug|Any CPU
		{854C50F9-54AA-43DF-9D08-E3D744333742}.Release|Any CPU.ActiveCfg = Release|Any CPU
		{854C50F9-54AA-43DF-9D08-E3D744333742}.Release|Any CPU.Build.0 = Release|Any CPU
	EndGlobalSection
	GlobalSection(SolutionProperties) = preSolution
		HideSolutionNode = FALSE
	EndGlobalSection
	GlobalSection(ExtensibilityGlobals) = postSolution
		SolutionGuid = {3CAC65A9-C382-4B8D-98C1-BBA381DE3066}
	EndGlobalSection
EndGlobal
